
Microsoft Visual Studio Solution File, Format Version 12.00
# Visual Studio Version 16
VisualStudioVersion = 16.0.29424.173
MinimumVisualStudioVersion = 10.0.40219.1
Project("{2150E333-8FDC-42A3-9474-1A3956D46DE8}") = "1 - Presentation", "1 - Presentation", "{C5C49C95-A135-4298-A798-A12A7C32AABB}"
EndProject
Project("{2150E333-8FDC-42A3-9474-1A3956D46DE8}") = "2 - Application", "2 - Application", "{46A5819F-7FED-4A53-AC10-7DB6169D5E59}"
EndProject
Project("{2150E333-8FDC-42A3-9474-1A3956D46DE8}") = "3 - Domain", "3 - Domain", "{49494DB6-C719-47A7-A500-6BFC7BDDE910}"
EndProject
Project("{2150E333-8FDC-42A3-9474-1A3956D46DE8}") = "4 - Infra", "4 - Infra", "{5AE63DEC-02BE-4B0B-A042-59D68421F7F7}"
EndProject
Project("{2150E333-8FDC-42A3-9474-1A3956D46DE8}") = "4.1 - Data", "4.1 - Data", "{5A55761E-0FD7-4AD3-A447-D591F9C7596E}"
EndProject
Project("{2150E333-8FDC-42A3-9474-1A3956D46DE8}") = "4.2 - CrossCutting", "4.2 - CrossCutting", "{CCC61126-E2F0-43AC-BD67-7CDE3E48889B}"
EndProject
Project("{FAE04EC0-301F-11D3-BF4B-00C04F79EFBC}") = "Ecommerce.CtrlX.UI.Site", "src\Ecommerce.CtrlX.UI.Site\Ecommerce.CtrlX.UI.Site.csproj", "{A2B2D011-B388-4355-A7D3-C00B36217B76}"
EndProject
Project("{FAE04EC0-301F-11D3-BF4B-00C04F79EFBC}") = "Ecommerce.CtrlX.Domain", "src\Ecommerce.CtrlX.Domain\Ecommerce.CtrlX.Domain.csproj", "{F0CAAE12-8309-454B-97FA-9ED88E4A0220}"
EndProject
Project("{FAE04EC0-301F-11D3-BF4B-00C04F79EFBC}") = "Ecommerce.CtrlX.Infra.Data", "src\Ecommerce.CtrlX.Infra.Data\Ecommerce.CtrlX.Infra.Data.csproj", "{69926120-006B-45AC-A45A-C2E43B6364C3}"
EndProject
Project("{FAE04EC0-301F-11D3-BF4B-00C04F79EFBC}") = "Ecommerce.CtrlX.Application", "src\Ecommerce.CtrlX.Application\Ecommerce.CtrlX.Application.csproj", "{FFE549CD-F9EE-4DA6-9AE9-918C30535287}"
EndProject
Project("{FAE04EC0-301F-11D3-BF4B-00C04F79EFBC}") = "Ecommerce.CtrlX.CrossCutting.IoC", "src\Ecommerce.CtrlX.CrossCutting.IoC\Ecommerce.CtrlX.CrossCutting.IoC.csproj", "{72BBF9ED-C072-4612-B734-866BD3712BD0}"
EndProject
Project("{FAE04EC0-301F-11D3-BF4B-00C04F79EFBC}") = "Ecommerce.CtrlX.Cross.Cutting.MVCFilters", "src\Ecommerce.CtrlX.Cross.Cutting.MVCFilters\Ecommerce.CtrlX.Cross.Cutting.MVCFilters.csproj", "{F7153516-4CE1-4355-A3BD-536D440C49E1}"
EndProject
Project("{FAE04EC0-301F-11D3-BF4B-00C04F79EFBC}") = "Ecommerce.CtrlX.CrossCutting.Tools", "src\Ecommerce.CtrlX.CrossCutting.Tools\Ecommerce.CtrlX.CrossCutting.Tools.csproj", "{048281FF-744B-4D32-A3BE-C648A2C1C82E}"
EndProject
Global
	GlobalSection(SolutionConfigurationPlatforms) = preSolution
		Debug|Any CPU = Debug|Any CPU
		Release|Any CPU = Release|Any CPU
	EndGlobalSection
	GlobalSection(ProjectConfigurationPlatforms) = postSolution
		{A2B2D011-B388-4355-A7D3-C00B36217B76}.Debug|Any CPU.ActiveCfg = Debug|Any CPU
		{A2B2D011-B388-4355-A7D3-C00B36217B76}.Debug|Any CPU.Build.0 = Debug|Any CPU
		{A2B2D011-B388-4355-A7D3-C00B36217B76}.Release|Any CPU.ActiveCfg = Release|Any CPU
		{A2B2D011-B388-4355-A7D3-C00B36217B76}.Release|Any CPU.Build.0 = Release|Any CPU
		{F0CAAE12-8309-454B-97FA-9ED88E4A0220}.Debug|Any CPU.ActiveCfg = Debug|Any CPU
		{F0CAAE12-8309-454B-97FA-9ED88E4A0220}.Debug|Any CPU.Build.0 = Debug|Any CPU
		{F0CAAE12-8309-454B-97FA-9ED88E4A0220}.Release|Any CPU.ActiveCfg = Release|Any CPU
		{F0CAAE12-8309-454B-97FA-9ED88E4A0220}.Release|Any CPU.Build.0 = Release|Any CPU
		{69926120-006B-45AC-A45A-C2E43B6364C3}.Debug|Any CPU.ActiveCfg = Debug|Any CPU
		{69926120-006B-45AC-A45A-C2E43B6364C3}.Debug|Any CPU.Build.0 = Debug|Any CPU
		{69926120-006B-45AC-A45A-C2E43B6364C3}.Release|Any CPU.ActiveCfg = Release|Any CPU
		{69926120-006B-45AC-A45A-C2E43B6364C3}.Release|Any CPU.Build.0 = Release|Any CPU
		{FFE549CD-F9EE-4DA6-9AE9-918C30535287}.Debug|Any CPU.ActiveCfg = Debug|Any CPU
		{FFE549CD-F9EE-4DA6-9AE9-918C30535287}.Debug|Any CPU.Build.0 = Debug|Any CPU
		{FFE549CD-F9EE-4DA6-9AE9-918C30535287}.Release|Any CPU.ActiveCfg = Release|Any CPU
		{FFE549CD-F9EE-4DA6-9AE9-918C30535287}.Release|Any CPU.Build.0 = Release|Any CPU
		{72BBF9ED-C072-4612-B734-866BD3712BD0}.Debug|Any CPU.ActiveCfg = Debug|Any CPU
		{72BBF9ED-C072-4612-B734-866BD3712BD0}.Debug|Any CPU.Build.0 = Debug|Any CPU
		{72BBF9ED-C072-4612-B734-866BD3712BD0}.Release|Any CPU.ActiveCfg = Release|Any CPU
		{72BBF9ED-C072-4612-B734-866BD3712BD0}.Release|Any CPU.Build.0 = Release|Any CPU
		{F7153516-4CE1-4355-A3BD-536D440C49E1}.Debug|Any CPU.ActiveCfg = Debug|Any CPU
		{F7153516-4CE1-4355-A3BD-536D440C49E1}.Debug|Any CPU.Build.0 = Debug|Any CPU
		{F7153516-4CE1-4355-A3BD-536D440C49E1}.Release|Any CPU.ActiveCfg = Release|Any CPU
		{F7153516-4CE1-4355-A3BD-536D440C49E1}.Release|Any CPU.Build.0 = Release|Any CPU
		{048281FF-744B-4D32-A3BE-C648A2C1C82E}.Debug|Any CPU.ActiveCfg = Debug|Any CPU
		{048281FF-744B-4D32-A3BE-C648A2C1C82E}.Debug|Any CPU.Build.0 = Debug|Any CPU
		{048281FF-744B-4D32-A3BE-C648A2C1C82E}.Release|Any CPU.ActiveCfg = Release|Any CPU
		{048281FF-744B-4D32-A3BE-C648A2C1C82E}.Release|Any CPU.Build.0 = Release|Any CPU
	EndGlobalSection
	GlobalSection(SolutionProperties) = preSolution
		HideSolutionNode = FALSE
	EndGlobalSection
	GlobalSection(NestedProjects) = preSolution
		{5A55761E-0FD7-4AD3-A447-D591F9C7596E} = {5AE63DEC-02BE-4B0B-A042-59D68421F7F7}
		{CCC61126-E2F0-43AC-BD67-7CDE3E48889B} = {5AE63DEC-02BE-4B0B-A042-59D68421F7F7}
		{A2B2D011-B388-4355-A7D3-C00B36217B76} = {C5C49C95-A135-4298-A798-A12A7C32AABB}
		{F0CAAE12-8309-454B-97FA-9ED88E4A0220} = {49494DB6-C719-47A7-A500-6BFC7BDDE910}
		{69926120-006B-45AC-A45A-C2E43B6364C3} = {5A55761E-0FD7-4AD3-A447-D591F9C7596E}
		{FFE549CD-F9EE-4DA6-9AE9-918C30535287} = {46A5819F-7FED-4A53-AC10-7DB6169D5E59}
		{72BBF9ED-C072-4612-B734-866BD3712BD0} = {CCC61126-E2F0-43AC-BD67-7CDE3E48889B}
		{F7153516-4CE1-4355-A3BD-536D440C49E1} = {CCC61126-E2F0-43AC-BD67-7CDE3E48889B}
		{048281FF-744B-4D32-A3BE-C648A2C1C82E} = {CCC61126-E2F0-43AC-BD67-7CDE3E48889B}
	EndGlobalSection
	GlobalSection(ExtensibilityGlobals) = postSolution
		SolutionGuid = {2C6489D1-69E8-4671-A663-3C6AEBDB6B60}
	EndGlobalSection
EndGlobal
